
Microsoft Visual Studio Solution File, Format Version 12.00
# Visual Studio Version 17
VisualStudioVersion = 17.9.34616.47
MinimumVisualStudioVersion = 10.0.40219.1
Project("{FAE04EC0-301F-11D3-BF4B-00C04F79EFBC}") = "PizzaCraft581", "PizzaCraft581.csproj", "{9A98F4DF-2CF7-4CD9-9FAB-0788A2D7A5EF}"
EndProject
Global
	GlobalSection(SolutionConfigurationPlatforms) = preSolution
		Debug|Any CPU = Debug|Any CPU
		Release|Any CPU = Release|Any CPU
	EndGlobalSection
	GlobalSection(ProjectConfigurationPlatforms) = postSolution
		{9A98F4DF-2CF7-4CD9-9FAB-0788A2D7A5EF}.Debug|Any CPU.ActiveCfg = Debug|Any CPU
		{9A98F4DF-2CF7-4CD9-9FAB-0788A2D7A5EF}.Debug|Any CPU.Build.0 = Debug|Any CPU
		{9A98F4DF-2CF7-4CD9-9FAB-0788A2D7A5EF}.Release|Any CPU.ActiveCfg = Release|Any CPU
		{9A98F4DF-2CF7-4CD9-9FAB-0788A2D7A5EF}.Release|Any CPU.Build.0 = Release|Any CPU
	EndGlobalSection
	GlobalSection(SolutionProperties) = preSolution
		HideSolutionNode = FALSE
	EndGlobalSection
	GlobalSection(ExtensibilityGlobals) = postSolution
		SolutionGuid = {E82C71C3-DDA2-4185-8D69-3512B3942B03}
	EndGlobalSection
EndGlobal
